<?xml version="1.0" encoding="utf-8"?>
<Project ToolsVersion="4.0" xmlns="http://schemas.microsoft.com/developer/msbuild/2003">
  <ItemGroup>
    <Filter Include="Source Files">
      <UniqueIdentifier>{4FC737F1-C7A5-4376-A066-2A32D752A2FF}</UniqueIdentifier>
      <Extensions>cpp;c;cc;cxx;def;odl;idl;hpj;bat;asm;asmx</Extensions>
    </Filter>
    <Filter Include="Header Files">
      <UniqueIdentifier>{93995380-89BD-4b04-88EB-625FBE52EBFB}</UniqueIdentifier>
      <Extensions>h;hpp;hxx;hm;inl;inc;xsd</Extensions>
    </Filter>
    <Filter Include="Resource Files">
      <UniqueIdentifier>{67DA6AB6-F800-4c08-8B7A-83BB121AAD01}</UniqueIdentifier>
      <Extensions>rc;ico;cur;bmp;dlg;rc2;rct;bin;rgs;gif;jpg;jpeg;jpe;resx;tiff;tif;png;wav;mfcribbon-ms</Extensions>
    </Filter>
  </ItemGroup>
  <ItemGroup>
    <ClCompile Include="main.cpp">
      <Filter>Source Files</Filter>
    </ClCompile>
    <ClCompile Include="config.cpp">
      <Filter>Source Files</Filter>
    </ClCompile>
    <ClCompile Include="sdlcontroller.cpp">
      <Filter>Source Files</Filter>
    </ClCompile>
    <ClCompile Include="car.cpp">
      <Filter>Source Files</Filter>
    </ClCompile>
    <ClCompile Include="carview.cpp">
      <Filter>Source Files</Filter>
    </ClCompile>
    <ClCompile Include="lineview.cpp">
      <Filter>Source Files</Filter>
    </ClCompile>
    <ClCompile Include="roadview.cpp">
      <Filter>Source Files</Filter>
    </ClCompile>
    <ClCompile Include="ruleset.cpp">
      <Filter>Source Files</Filter>
    </ClCompile>
    <ClCompile Include="rulesetview.cpp">
      <Filter>Source Files</Filter>
    </ClCompile>
    <ClCompile Include="road.cpp">
      <Filter>Source Files</Filter>
    </ClCompile>
  </ItemGroup>
  <ItemGroup>
    <ClInclude Include="car.h">
      <Filter>Header Files</Filter>
    </ClInclude>
    <ClInclude Include="carview.h">
      <Filter>Header Files</Filter>
    </ClInclude>
    <ClInclude Include="config.h">
      <Filter>Header Files</Filter>
    </ClInclude>
    <ClInclude Include="iview.h">
      <Filter>Header Files</Filter>
    </ClInclude>
    <ClInclude Include="keyeventmanager.h">
      <Filter>Header Files</Filter>
    </ClInclude>
    <ClInclude Include="lineview.h">
      <Filter>Header Files</Filter>
    </ClInclude>
    <ClInclude Include="road.h">
      <Filter>Header Files</Filter>
    </ClInclude>
    <ClInclude Include="roadview.h">
      <Filter>Header Files</Filter>
    </ClInclude>
    <ClInclude Include="rulecond.h">
      <Filter>Header Files</Filter>
    </ClInclude>
    <ClInclude Include="ruleset.h">
      <Filter>Header Files</Filter>
    </ClInclude>
    <ClInclude Include="rulesetview.h">
      <Filter>Header Files</Filter>
    </ClInclude>
    <ClInclude Include="sdlcontroller.h">
      <Filter>Header Files</Filter>
    </ClInclude>
    <ClInclude Include="everyframenotifier.h">
      <Filter>Header Files</Filter>
    </ClInclude>
    <ClInclude Include="observer.h">
      <Filter>Header Files</Filter>
    </ClInclude>
  </ItemGroup>
  <ItemGroup>
    <None Include="config.txt" />
  </ItemGroup>
</Project>